// !$*UTF8*$!
{
	archiveVersion = 1;
	classes = {
	};
	objectVersion = 56;
	objects = {

/* Begin PBXBuildFile section */
		54B60D32830384C5B496288A /* Pods_DormireTimer.framework in Frameworks */ = {isa = PBXBuildFile; fileRef = CAA6D3F45448CDB41ACECE99 /* Pods_DormireTimer.framework */; };
		EC1749BC29781B910065E692 /* Selima .otf in Resources */ = {isa = PBXBuildFile; fileRef = EC1749BB29781B910065E692 /* Selima .otf */; };
		EC25065229548DAB00DD4277 /* AlarmVm.swift in Sources */ = {isa = PBXBuildFile; fileRef = EC25065129548DAB00DD4277 /* AlarmVm.swift */; };
		EC4D3847293B21DD00024651 /* DormireTimerApp.swift in Sources */ = {isa = PBXBuildFile; fileRef = EC4D3846293B21DD00024651 /* DormireTimerApp.swift */; };
		EC4D3849293B21DD00024651 /* ContentView.swift in Sources */ = {isa = PBXBuildFile; fileRef = EC4D3848293B21DD00024651 /* ContentView.swift */; };
		EC4D384B293B21E000024651 /* Assets.xcassets in Resources */ = {isa = PBXBuildFile; fileRef = EC4D384A293B21E000024651 /* Assets.xcassets */; };
		EC4D384E293B21E000024651 /* Preview Assets.xcassets in Resources */ = {isa = PBXBuildFile; fileRef = EC4D384D293B21E000024651 /* Preview Assets.xcassets */; };
		EC5BF15C29654CC000A4FF8B /* SoundPlayer.swift in Sources */ = {isa = PBXBuildFile; fileRef = EC5BF15B29654CC000A4FF8B /* SoundPlayer.swift */; };
		EC7AC72F293B25B3006B78F9 /* Home.swift in Sources */ = {isa = PBXBuildFile; fileRef = EC7AC72E293B25B3006B78F9 /* Home.swift */; };
		EC7AC732293B26F5006B78F9 /* TimerVm.swift in Sources */ = {isa = PBXBuildFile; fileRef = EC7AC731293B26F5006B78F9 /* TimerVm.swift */; };
		EC7AC734293B331D006B78F9 /* SleepView.swift in Sources */ = {isa = PBXBuildFile; fileRef = EC7AC733293B331D006B78F9 /* SleepView.swift */; };
		EC7AC737293B44A0006B78F9 /* WaitView.swift in Sources */ = {isa = PBXBuildFile; fileRef = EC7AC736293B44A0006B78F9 /* WaitView.swift */; };
		ECA1D7CD29A358FE002AC5C6 /* BannerAd.swift in Sources */ = {isa = PBXBuildFile; fileRef = ECA1D7CC29A358FE002AC5C6 /* BannerAd.swift */; };
		ECA44012294B79DC00C958FF /* Home.Vm.swift in Sources */ = {isa = PBXBuildFile; fileRef = ECA44011294B79DC00C958FF /* Home.Vm.swift */; };
		ECDC9C07297A6CBC00051891 /* ExplainView.swift in Sources */ = {isa = PBXBuildFile; fileRef = ECDC9C06297A6CBC00051891 /* ExplainView.swift */; };
/* End PBXBuildFile section */

/* Begin PBXFileReference section */
		A97862C8CCF156CBD22F852D /* Pods-DormireTimer.release.xcconfig */ = {isa = PBXFileReference; includeInIndex = 1; lastKnownFileType = text.xcconfig; name = "Pods-DormireTimer.release.xcconfig"; path = "Target Support Files/Pods-DormireTimer/Pods-DormireTimer.release.xcconfig"; sourceTree = "<group>"; };
		B59468A0D5BD6854A4D406A3 /* Pods-DormireTimer.debug.xcconfig */ = {isa = PBXFileReference; includeInIndex = 1; lastKnownFileType = text.xcconfig; name = "Pods-DormireTimer.debug.xcconfig"; path = "Target Support Files/Pods-DormireTimer/Pods-DormireTimer.debug.xcconfig"; sourceTree = "<group>"; };
		CAA6D3F45448CDB41ACECE99 /* Pods_DormireTimer.framework */ = {isa = PBXFileReference; explicitFileType = wrapper.framework; includeInIndex = 0; path = Pods_DormireTimer.framework; sourceTree = BUILT_PRODUCTS_DIR; };
		EC1749B8297819850065E692 /* Info.plist */ = {isa = PBXFileReference; lastKnownFileType = text.plist; path = Info.plist; sourceTree = "<group>"; };
		EC1749BB29781B910065E692 /* Selima .otf */ = {isa = PBXFileReference; lastKnownFileType = file; path = "Selima .otf"; sourceTree = "<group>"; };
		EC25065129548DAB00DD4277 /* AlarmVm.swift */ = {isa = PBXFileReference; lastKnownFileType = sourcecode.swift; path = AlarmVm.swift; sourceTree = "<group>"; };
		EC4D3843293B21DD00024651 /* DormireTimer.app */ = {isa = PBXFileReference; explicitFileType = wrapper.application; includeInIndex = 0; path = DormireTimer.app; sourceTree = BUILT_PRODUCTS_DIR; };
		EC4D3846293B21DD00024651 /* DormireTimerApp.swift */ = {isa = PBXFileReference; lastKnownFileType = sourcecode.swift; path = DormireTimerApp.swift; sourceTree = "<group>"; };
		EC4D3848293B21DD00024651 /* ContentView.swift */ = {isa = PBXFileReference; lastKnownFileType = sourcecode.swift; path = ContentView.swift; sourceTree = "<group>"; };
		EC4D384A293B21E000024651 /* Assets.xcassets */ = {isa = PBXFileReference; lastKnownFileType = folder.assetcatalog; path = Assets.xcassets; sourceTree = "<group>"; };
		EC4D384D293B21E000024651 /* Preview Assets.xcassets */ = {isa = PBXFileReference; lastKnownFileType = folder.assetcatalog; path = "Preview Assets.xcassets"; sourceTree = "<group>"; };
		EC5BF15B29654CC000A4FF8B /* SoundPlayer.swift */ = {isa = PBXFileReference; lastKnownFileType = sourcecode.swift; path = SoundPlayer.swift; sourceTree = "<group>"; };
		EC7AC72E293B25B3006B78F9 /* Home.swift */ = {isa = PBXFileReference; lastKnownFileType = sourcecode.swift; path = Home.swift; sourceTree = "<group>"; };
		EC7AC731293B26F5006B78F9 /* TimerVm.swift */ = {isa = PBXFileReference; lastKnownFileType = sourcecode.swift; path = TimerVm.swift; sourceTree = "<group>"; };
		EC7AC733293B331D006B78F9 /* SleepView.swift */ = {isa = PBXFileReference; lastKnownFileType = sourcecode.swift; path = SleepView.swift; sourceTree = "<group>"; };
		EC7AC736293B44A0006B78F9 /* WaitView.swift */ = {isa = PBXFileReference; lastKnownFileType = sourcecode.swift; path = WaitView.swift; sourceTree = "<group>"; };
		ECA1D7CC29A358FE002AC5C6 /* BannerAd.swift */ = {isa = PBXFileReference; lastKnownFileType = sourcecode.swift; path = BannerAd.swift; sourceTree = "<group>"; };
		ECA44011294B79DC00C958FF /* Home.Vm.swift */ = {isa = PBXFileReference; lastKnownFileType = sourcecode.swift; path = Home.Vm.swift; sourceTree = "<group>"; };
		ECDC9C06297A6CBC00051891 /* ExplainView.swift */ = {isa = PBXFileReference; lastKnownFileType = sourcecode.swift; path = ExplainView.swift; sourceTree = "<group>"; };
/* End PBXFileReference section */

/* Begin PBXFrameworksBuildPhase section */
		EC4D3840293B21DD00024651 /* Frameworks */ = {
			isa = PBXFrameworksBuildPhase;
			buildActionMask = 2147483647;
			files = (
				54B60D32830384C5B496288A /* Pods_DormireTimer.framework in Frameworks */,
			);
			runOnlyForDeploymentPostprocessing = 0;
		};
/* End PBXFrameworksBuildPhase section */

/* Begin PBXGroup section */
		65A1F40A39E387679CBB035D /* Frameworks */ = {
			isa = PBXGroup;
			children = (
				CAA6D3F45448CDB41ACECE99 /* Pods_DormireTimer.framework */,
			);
			name = Frameworks;
			sourceTree = "<group>";
		};
		7BB45209C928250BE994C8D4 /* Pods */ = {
			isa = PBXGroup;
			children = (
				B59468A0D5BD6854A4D406A3 /* Pods-DormireTimer.debug.xcconfig */,
				A97862C8CCF156CBD22F852D /* Pods-DormireTimer.release.xcconfig */,
			);
			path = Pods;
			sourceTree = "<group>";
		};
		EC4D383A293B21DD00024651 = {
			isa = PBXGroup;
			children = (
				EC4D3845293B21DD00024651 /* DormireTimer */,
				EC4D3844293B21DD00024651 /* Products */,
				7BB45209C928250BE994C8D4 /* Pods */,
				65A1F40A39E387679CBB035D /* Frameworks */,
			);
			sourceTree = "<group>";
		};
		EC4D3844293B21DD00024651 /* Products */ = {
			isa = PBXGroup;
			children = (
				EC4D3843293B21DD00024651 /* DormireTimer.app */,
			);
			name = Products;
			sourceTree = "<group>";
		};
		EC4D3845293B21DD00024651 /* DormireTimer */ = {
			isa = PBXGroup;
			children = (
				EC1749B8297819850065E692 /* Info.plist */,
				EC4D3846293B21DD00024651 /* DormireTimerApp.swift */,
				EC4D3848293B21DD00024651 /* ContentView.swift */,
				ECA1D7CC29A358FE002AC5C6 /* BannerAd.swift */,
				EC7AC72D293B25A2006B78F9 /* View */,
				EC7AC730293B26BF006B78F9 /* Vm */,
				EC4D384A293B21E000024651 /* Assets.xcassets */,
				EC1749BB29781B910065E692 /* Selima .otf */,
				EC4D384C293B21E000024651 /* Preview Content */,
			);
			path = DormireTimer;
			sourceTree = "<group>";
		};
		EC4D384C293B21E000024651 /* Preview Content */ = {
			isa = PBXGroup;
			children = (
				EC4D384D293B21E000024651 /* Preview Assets.xcassets */,
			);
			path = "Preview Content";
			sourceTree = "<group>";
		};
		EC7AC72D293B25A2006B78F9 /* View */ = {
			isa = PBXGroup;
			children = (
				EC7AC72E293B25B3006B78F9 /* Home.swift */,
				EC7AC733293B331D006B78F9 /* SleepView.swift */,
				EC7AC736293B44A0006B78F9 /* WaitView.swift */,
				EC25065129548DAB00DD4277 /* AlarmVm.swift */,
				ECDC9C06297A6CBC00051891 /* ExplainView.swift */,
			);
			path = View;
			sourceTree = "<group>";
		};
		EC7AC730293B26BF006B78F9 /* Vm */ = {
			isa = PBXGroup;
			children = (
				EC7AC731293B26F5006B78F9 /* TimerVm.swift */,
				ECA44011294B79DC00C958FF /* Home.Vm.swift */,
				EC5BF15B29654CC000A4FF8B /* SoundPlayer.swift */,
			);
			path = Vm;
			sourceTree = "<group>";
		};
/* End PBXGroup section */

/* Begin PBXNativeTarget section */
		EC4D3842293B21DD00024651 /* DormireTimer */ = {
			isa = PBXNativeTarget;
			buildConfigurationList = EC4D3851293B21E000024651 /* Build configuration list for PBXNativeTarget "DormireTimer" */;
			buildPhases = (
				AC552CC61C8985307CB3BCCE /* [CP] Check Pods Manifest.lock */,
				EC4D383F293B21DD00024651 /* Sources */,
				EC4D3840293B21DD00024651 /* Frameworks */,
				EC4D3841293B21DD00024651 /* Resources */,
				12CFA0EDAB04516C8C32CB66 /* [CP] Embed Pods Frameworks */,
			);
			buildRules = (
			);
			dependencies = (
			);
			name = DormireTimer;
			productName = DormireTimer;
			productReference = EC4D3843293B21DD00024651 /* DormireTimer.app */;
			productType = "com.apple.product-type.application";
		};
/* End PBXNativeTarget section */

/* Begin PBXProject section */
		EC4D383B293B21DD00024651 /* Project object */ = {
			isa = PBXProject;
			attributes = {
				BuildIndependentTargetsInParallel = 1;
				LastSwiftUpdateCheck = 1410;
				LastUpgradeCheck = 1410;
				TargetAttributes = {
					EC4D3842293B21DD00024651 = {
						CreatedOnToolsVersion = 14.1;
					};
				};
			};
			buildConfigurationList = EC4D383E293B21DD00024651 /* Build configuration list for PBXProject "DormireTimer" */;
			compatibilityVersion = "Xcode 14.0";
			developmentRegion = en;
			hasScannedForEncodings = 0;
			knownRegions = (
				en,
				Base,
			);
			mainGroup = EC4D383A293B21DD00024651;
			productRefGroup = EC4D3844293B21DD00024651 /* Products */;
			projectDirPath = "";
			projectRoot = "";
			targets = (
				EC4D3842293B21DD00024651 /* DormireTimer */,
			);
		};
/* End PBXProject section */

/* Begin PBXResourcesBuildPhase section */
		EC4D3841293B21DD00024651 /* Resources */ = {
			isa = PBXResourcesBuildPhase;
			buildActionMask = 2147483647;
			files = (
				EC1749BC29781B910065E692 /* Selima .otf in Resources */,
				EC4D384E293B21E000024651 /* Preview Assets.xcassets in Resources */,
				EC4D384B293B21E000024651 /* Assets.xcassets in Resources */,
			);
			runOnlyForDeploymentPostprocessing = 0;
		};
/* End PBXResourcesBuildPhase section */

/* Begin PBXShellScriptBuildPhase section */
		12CFA0EDAB04516C8C32CB66 /* [CP] Embed Pods Frameworks */ = {
			isa = PBXShellScriptBuildPhase;
			buildActionMask = 2147483647;
			files = (
			);
			inputFileListPaths = (
				"${PODS_ROOT}/Target Support Files/Pods-DormireTimer/Pods-DormireTimer-frameworks-${CONFIGURATION}-input-files.xcfilelist",
			);
			name = "[CP] Embed Pods Frameworks";
			outputFileListPaths = (
				"${PODS_ROOT}/Target Support Files/Pods-DormireTimer/Pods-DormireTimer-frameworks-${CONFIGURATION}-output-files.xcfilelist",
			);
			runOnlyForDeploymentPostprocessing = 0;
			shellPath = /bin/sh;
			shellScript = "\"${PODS_ROOT}/Target Support Files/Pods-DormireTimer/Pods-DormireTimer-frameworks.sh\"\n";
			showEnvVarsInLog = 0;
		};
		AC552CC61C8985307CB3BCCE /* [CP] Check Pods Manifest.lock */ = {
			isa = PBXShellScriptBuildPhase;
			buildActionMask = 2147483647;
			files = (
			);
			inputFileListPaths = (
			);
			inputPaths = (
				"${PODS_PODFILE_DIR_PATH}/Podfile.lock",
				"${PODS_ROOT}/Manifest.lock",
			);
			name = "[CP] Check Pods Manifest.lock";
			outputFileListPaths = (
			);
			outputPaths = (
				"$(DERIVED_FILE_DIR)/Pods-DormireTimer-checkManifestLockResult.txt",
			);
			runOnlyForDeploymentPostprocessing = 0;
			shellPath = /bin/sh;
			shellScript = "diff \"${PODS_PODFILE_DIR_PATH}/Podfile.lock\" \"${PODS_ROOT}/Manifest.lock\" > /dev/null\nif [ $? != 0 ] ; then\n    # print error to STDERR\n    echo \"error: The sandbox is not in sync with the Podfile.lock. Run 'pod install' or update your CocoaPods installation.\" >&2\n    exit 1\nfi\n# This output is used by Xcode 'outputs' to avoid re-running this script phase.\necho \"SUCCESS\" > \"${SCRIPT_OUTPUT_FILE_0}\"\n";
			showEnvVarsInLog = 0;
		};
/* End PBXShellScriptBuildPhase section */

/* Begin PBXSourcesBuildPhase section */
		EC4D383F293B21DD00024651 /* Sources */ = {
			isa = PBXSourcesBuildPhase;
			buildActionMask = 2147483647;
			files = (
				EC25065229548DAB00DD4277 /* AlarmVm.swift in Sources */,
				EC7AC732293B26F5006B78F9 /* TimerVm.swift in Sources */,
				EC7AC737293B44A0006B78F9 /* WaitView.swift in Sources */,
				EC4D3849293B21DD00024651 /* ContentView.swift in Sources */,
				EC5BF15C29654CC000A4FF8B /* SoundPlayer.swift in Sources */,
				ECA44012294B79DC00C958FF /* Home.Vm.swift in Sources */,
				ECA1D7CD29A358FE002AC5C6 /* BannerAd.swift in Sources */,
				ECDC9C07297A6CBC00051891 /* ExplainView.swift in Sources */,
				EC7AC72F293B25B3006B78F9 /* Home.swift in Sources */,
				EC7AC734293B331D006B78F9 /* SleepView.swift in Sources */,
				EC4D3847293B21DD00024651 /* DormireTimerApp.swift in Sources */,
			);
			runOnlyForDeploymentPostprocessing = 0;
		};
/* End PBXSourcesBuildPhase section */

/* Begin XCBuildConfiguration section */
		EC4D384F293B21E000024651 /* Debug */ = {
			isa = XCBuildConfiguration;
			buildSettings = {
				ALWAYS_SEARCH_USER_PATHS = NO;
				CLANG_ANALYZER_NONNULL = YES;
				CLANG_ANALYZER_NUMBER_OBJECT_CONVERSION = YES_AGGRESSIVE;
				CLANG_CXX_LANGUAGE_STANDARD = "gnu++20";
				CLANG_ENABLE_MODULES = YES;
				CLANG_ENABLE_OBJC_ARC = YES;
				CLANG_ENABLE_OBJC_WEAK = YES;
				CLANG_WARN_BLOCK_CAPTURE_AUTORELEASING = YES;
				CLANG_WARN_BOOL_CONVERSION = YES;
				CLANG_WARN_COMMA = YES;
				CLANG_WARN_CONSTANT_CONVERSION = YES;
				CLANG_WARN_DEPRECATED_OBJC_IMPLEMENTATIONS = YES;
				CLANG_WARN_DIRECT_OBJC_ISA_USAGE = YES_ERROR;
				CLANG_WARN_DOCUMENTATION_COMMENTS = YES;
				CLANG_WARN_EMPTY_BODY = YES;
				CLANG_WARN_ENUM_CONVERSION = YES;
				CLANG_WARN_INFINITE_RECURSION = YES;
				CLANG_WARN_INT_CONVERSION = YES;
				CLANG_WARN_NON_LITERAL_NULL_CONVERSION = YES;
				CLANG_WARN_OBJC_IMPLICIT_RETAIN_SELF = YES;
				CLANG_WARN_OBJC_LITERAL_CONVERSION = YES;
				CLANG_WARN_OBJC_ROOT_CLASS = YES_ERROR;
				CLANG_WARN_QUOTED_INCLUDE_IN_FRAMEWORK_HEADER = YES;
				CLANG_WARN_RANGE_LOOP_ANALYSIS = YES;
				CLANG_WARN_STRICT_PROTOTYPES = YES;
				CLANG_WARN_SUSPICIOUS_MOVE = YES;
				CLANG_WARN_UNGUARDED_AVAILABILITY = YES_AGGRESSIVE;
				CLANG_WARN_UNREACHABLE_CODE = YES;
				CLANG_WARN__DUPLICATE_METHOD_MATCH = YES;
				COPY_PHASE_STRIP = NO;
				DEBUG_INFORMATION_FORMAT = dwarf;
				ENABLE_STRICT_OBJC_MSGSEND = YES;
				ENABLE_TESTABILITY = YES;
				GCC_C_LANGUAGE_STANDARD = gnu11;
				GCC_DYNAMIC_NO_PIC = NO;
				GCC_NO_COMMON_BLOCKS = YES;
				GCC_OPTIMIZATION_LEVEL = 0;
				GCC_PREPROCESSOR_DEFINITIONS = (
					"DEBUG=1",
					"$(inherited)",
				);
				GCC_WARN_64_TO_32_BIT_CONVERSION = YES;
				GCC_WARN_ABOUT_RETURN_TYPE = YES_ERROR;
				GCC_WARN_UNDECLARED_SELECTOR = YES;
				GCC_WARN_UNINITIALIZED_AUTOS = YES_AGGRESSIVE;
				GCC_WARN_UNUSED_FUNCTION = YES;
				GCC_WARN_UNUSED_VARIABLE = YES;
				IPHONEOS_DEPLOYMENT_TARGET = 16.1;
				MTL_ENABLE_DEBUG_INFO = INCLUDE_SOURCE;
				MTL_FAST_MATH = YES;
				ONLY_ACTIVE_ARCH = YES;
				SDKROOT = iphoneos;
				SWIFT_ACTIVE_COMPILATION_CONDITIONS = DEBUG;
				SWIFT_OPTIMIZATION_LEVEL = "-Onone";
			};
			name = Debug;
		};
		EC4D3850293B21E000024651 /* Release */ = {
			isa = XCBuildConfiguration;
			buildSettings = {
				ALWAYS_SEARCH_USER_PATHS = NO;
				CLANG_ANALYZER_NONNULL = YES;
				CLANG_ANALYZER_NUMBER_OBJECT_CONVERSION = YES_AGGRESSIVE;
				CLANG_CXX_LANGUAGE_STANDARD = "gnu++20";
				CLANG_ENABLE_MODULES = YES;
				CLANG_ENABLE_OBJC_ARC = YES;
				CLANG_ENABLE_OBJC_WEAK = YES;
				CLANG_WARN_BLOCK_CAPTURE_AUTORELEASING = YES;
				CLANG_WARN_BOOL_CONVERSION = YES;
				CLANG_WARN_COMMA = YES;
				CLANG_WARN_CONSTANT_CONVERSION = YES;
				CLANG_WARN_DEPRECATED_OBJC_IMPLEMENTATIONS = YES;
				CLANG_WARN_DIRECT_OBJC_ISA_USAGE = YES_ERROR;
				CLANG_WARN_DOCUMENTATION_COMMENTS = YES;
				CLANG_WARN_EMPTY_BODY = YES;
				CLANG_WARN_ENUM_CONVERSION = YES;
				CLANG_WARN_INFINITE_RECURSION = YES;
				CLANG_WARN_INT_CONVERSION = YES;
				CLANG_WARN_NON_LITERAL_NULL_CONVERSION = YES;
				CLANG_WARN_OBJC_IMPLICIT_RETAIN_SELF = YES;
				CLANG_WARN_OBJC_LITERAL_CONVERSION = YES;
				CLANG_WARN_OBJC_ROOT_CLASS = YES_ERROR;
				CLANG_WARN_QUOTED_INCLUDE_IN_FRAMEWORK_HEADER = YES;
				CLANG_WARN_RANGE_LOOP_ANALYSIS = YES;
				CLANG_WARN_STRICT_PROTOTYPES = YES;
				CLANG_WARN_SUSPICIOUS_MOVE = YES;
				CLANG_WARN_UNGUARDED_AVAILABILITY = YES_AGGRESSIVE;
				CLANG_WARN_UNREACHABLE_CODE = YES;
				CLANG_WARN__DUPLICATE_METHOD_MATCH = YES;
				COPY_PHASE_STRIP = NO;
				DEBUG_INFORMATION_FORMAT = "dwarf-with-dsym";
				ENABLE_NS_ASSERTIONS = NO;
				ENABLE_STRICT_OBJC_MSGSEND = YES;
				GCC_C_LANGUAGE_STANDARD = gnu11;
				GCC_NO_COMMON_BLOCKS = YES;
				GCC_WARN_64_TO_32_BIT_CONVERSION = YES;
				GCC_WARN_ABOUT_RETURN_TYPE = YES_ERROR;
				GCC_WARN_UNDECLARED_SELECTOR = YES;
				GCC_WARN_UNINITIALIZED_AUTOS = YES_AGGRESSIVE;
				GCC_WARN_UNUSED_FUNCTION = YES;
				GCC_WARN_UNUSED_VARIABLE = YES;
				IPHONEOS_DEPLOYMENT_TARGET = 16.1;
				MTL_ENABLE_DEBUG_INFO = NO;
				MTL_FAST_MATH = YES;
				SDKROOT = iphoneos;
				SWIFT_COMPILATION_MODE = wholemodule;
				SWIFT_OPTIMIZATION_LEVEL = "-O";
				VALIDATE_PRODUCT = YES;
			};
			name = Release;
		};
		EC4D3852293B21E000024651 /* Debug */ = {
			isa = XCBuildConfiguration;
			baseConfigurationReference = B59468A0D5BD6854A4D406A3 /* Pods-DormireTimer.debug.xcconfig */;
			buildSettings = {
				ASSETCATALOG_COMPILER_APPICON_NAME = AppIcon;
				ASSETCATALOG_COMPILER_GLOBAL_ACCENT_COLOR_NAME = AccentColor;
				CODE_SIGN_STYLE = Automatic;
				CURRENT_PROJECT_VERSION = 1;
				DEVELOPMENT_ASSET_PATHS = "\"DormireTimer/Preview Content\"";
				DEVELOPMENT_TEAM = VN2PML7NUH;
				ENABLE_PREVIEWS = YES;
				GENERATE_INFOPLIST_FILE = YES;
				INFOPLIST_FILE = DormireTimer/Info.plist;
				INFOPLIST_KEY_UIApplicationSceneManifest_Generation = YES;
				INFOPLIST_KEY_UIApplicationSupportsIndirectInputEvents = YES;
				INFOPLIST_KEY_UILaunchScreen_Generation = YES;
				INFOPLIST_KEY_UISupportedInterfaceOrientations = UIInterfaceOrientationPortrait;
				INFOPLIST_KEY_UISupportedInterfaceOrientations_iPad = "UIInterfaceOrientationLandscapeLeft UIInterfaceOrientationLandscapeRight UIInterfaceOrientationPortrait UIInterfaceOrientationPortraitUpsideDown";
				IPHONEOS_DEPLOYMENT_TARGET = 15.0;
				LD_RUNPATH_SEARCH_PATHS = (
					"$(inherited)",
					"@executable_path/Frameworks",
				);
				MARKETING_VERSION = 1.2;
				PRODUCT_BUNDLE_IDENTIFIER = com.kojikoji7765.DormireTimer;
				PRODUCT_NAME = "$(TARGET_NAME)";
				SWIFT_EMIT_LOC_STRINGS = YES;
				SWIFT_VERSION = 5.0;
				TARGETED_DEVICE_FAMILY = "1,2";
			};
			name = Debug;
		};
		EC4D3853293B21E000024651 /* Release */ = {
			isa = XCBuildConfiguration;
			baseConfigurationReference = A97862C8CCF156CBD22F852D /* Pods-DormireTimer.release.xcconfig */;
			buildSettings = {
				ASSETCATALOG_COMPILER_APPICON_NAME = AppIcon;
				ASSETCATALOG_COMPILER_GLOBAL_ACCENT_COLOR_NAME = AccentColor;
				CODE_SIGN_STYLE = Automatic;
				CURRENT_PROJECT_VERSION = 1;
				DEVELOPMENT_ASSET_PATHS = "\"DormireTimer/Preview Content\"";
				DEVELOPMENT_TEAM = VN2PML7NUH;
				ENABLE_PREVIEWS = YES;
				GENERATE_INFOPLIST_FILE = YES;
				INFOPLIST_FILE = DormireTimer/Info.plist;
				INFOPLIST_KEY_UIApplicationSceneManifest_Generation = YES;
				INFOPLIST_KEY_UIApplicationSupportsIndirectInputEvents = YES;
				INFOPLIST_KEY_UILaunchScreen_Generation = YES;
				INFOPLIST_KEY_UISupportedInterfaceOrientations = UIInterfaceOrientationPortrait;
				INFOPLIST_KEY_UISupportedInterfaceOrientations_iPad = "UIInterfaceOrientationLandscapeLeft UIInterfaceOrientationLandscapeRight UIInterfaceOrientationPortrait UIInterfaceOrientationPortraitUpsideDown";
				IPHONEOS_DEPLOYMENT_TARGET = 15.0;
				LD_RUNPATH_SEARCH_PATHS = (
					"$(inherited)",
					"@executable_path/Frameworks",
				);
				MARKETING_VERSION = 1.2;
				PRODUCT_BUNDLE_IDENTIFIER = com.kojikoji7765.DormireTimer;
				PRODUCT_NAME = "$(TARGET_NAME)";
				SWIFT_EMIT_LOC_STRINGS = YES;
				SWIFT_VERSION = 5.0;
				TARGETED_DEVICE_FAMILY = "1,2";
			};
			name = Release;
		};
/* End XCBuildConfiguration section */

/* Begin XCConfigurationList section */
		EC4D383E293B21DD00024651 /* Build configuration list for PBXProject "DormireTimer" */ = {
			isa = XCConfigurationList;
			buildConfigurations = (
				EC4D384F293B21E000024651 /* Debug */,
				EC4D3850293B21E000024651 /* Release */,
			);
			defaultConfigurationIsVisible = 0;
			defaultConfigurationName = Release;
		};
		EC4D3851293B21E000024651 /* Build configuration list for PBXNativeTarget "DormireTimer" */ = {
			isa = XCConfigurationList;
			buildConfigurations = (
				EC4D3852293B21E000024651 /* Debug */,
				EC4D3853293B21E000024651 /* Release */,
			);
			defaultConfigurationIsVisible = 0;
			defaultConfigurationName = Release;
		};
/* End XCConfigurationList section */
	};
	rootObject = EC4D383B293B21DD00024651 /* Project object */;
}
